
Microsoft Visual Studio Solution File, Format Version 12.00
# Visual Studio Version 17
VisualStudioVersion = 17.2.32519.379
MinimumVisualStudioVersion = 10.0.40219.1
Project("{9A19103F-16F7-4668-BE54-9A1E7A4F7556}") = "UserRegestrationWithUTestException", "UserRegestrationWithUTestException\UserRegestrationWithUTestException.csproj", "{42BAEBA9-7940-4E62-8875-60969DC28F9D}"
EndProject
Project("{FAE04EC0-301F-11D3-BF4B-00C04F79EFBC}") = "TestProject1", "TestProject1\TestProject1.csproj", "{4FCF73F4-127B-411F-8655-D9F2B098EE4D}"
EndProject
Global
	GlobalSection(SolutionConfigurationPlatforms) = preSolution
		Debug|Any CPU = Debug|Any CPU
		Release|Any CPU = Release|Any CPU
	EndGlobalSection
	GlobalSection(ProjectConfigurationPlatforms) = postSolution
		{42BAEBA9-7940-4E62-8875-60969DC28F9D}.Debug|Any CPU.ActiveCfg = Debug|Any CPU
		{42BAEBA9-7940-4E62-8875-60969DC28F9D}.Debug|Any CPU.Build.0 = Debug|Any CPU
		{42BAEBA9-7940-4E62-8875-60969DC28F9D}.Release|Any CPU.ActiveCfg = Release|Any CPU
		{42BAEBA9-7940-4E62-8875-60969DC28F9D}.Release|Any CPU.Build.0 = Release|Any CPU
		{4FCF73F4-127B-411F-8655-D9F2B098EE4D}.Debug|Any CPU.ActiveCfg = Debug|Any CPU
		{4FCF73F4-127B-411F-8655-D9F2B098EE4D}.Debug|Any CPU.Build.0 = Debug|Any CPU
		{4FCF73F4-127B-411F-8655-D9F2B098EE4D}.Release|Any CPU.ActiveCfg = Release|Any CPU
		{4FCF73F4-127B-411F-8655-D9F2B098EE4D}.Release|Any CPU.Build.0 = Release|Any CPU
	EndGlobalSection
	GlobalSection(SolutionProperties) = preSolution
		HideSolutionNode = FALSE
	EndGlobalSection
	GlobalSection(ExtensibilityGlobals) = postSolution
		SolutionGuid = {9C65A57C-950E-47D2-BE91-BD98FEC47D94}
	EndGlobalSection
EndGlobal
